
Microsoft Visual Studio Solution File, Format Version 12.00
# Visual Studio Version 17
VisualStudioVersion = 17.6.33829.357
MinimumVisualStudioVersion = 10.0.40219.1
Project("{FAE04EC0-301F-11D3-BF4B-00C04F79EFBC}") = "Casgem_UnitOfWord.EntityLayer", "Casgem_UnitOfWord.EntityLayer\Casgem_UnitOfWord.EntityLayer.csproj", "{34D4E92D-F915-4BED-8BE6-159485213217}"
EndProject
Project("{FAE04EC0-301F-11D3-BF4B-00C04F79EFBC}") = "Casgem_UnitOfWork.DataAccessLayer", "Casgem_UnitOfWork.DataAccessLayer\Casgem_UnitOfWork.DataAccessLayer.csproj", "{2110E9E7-2D11-473A-AEB6-48365547C7E2}"
EndProject
Project("{FAE04EC0-301F-11D3-BF4B-00C04F79EFBC}") = "Casgem_UnitOfWork.BusinessLayer", "Casgem_UnitOfWork.BusinessLayer\Casgem_UnitOfWork.BusinessLayer.csproj", "{605EB2CC-DB9C-449E-8285-13A3770A8A7A}"
EndProject
Project("{FAE04EC0-301F-11D3-BF4B-00C04F79EFBC}") = "Casgem_UnitOfWord.PresentationLayer", "Casgem_UnitOfWord.PresentationLayer\Casgem_UnitOfWord.PresentationLayer.csproj", "{B4DFBA6E-D98A-4C53-A618-F60BC8A1A285}"
EndProject
Global
	GlobalSection(SolutionConfigurationPlatforms) = preSolution
		Debug|Any CPU = Debug|Any CPU
		Release|Any CPU = Release|Any CPU
	EndGlobalSection
	GlobalSection(ProjectConfigurationPlatforms) = postSolution
		{34D4E92D-F915-4BED-8BE6-159485213217}.Debug|Any CPU.ActiveCfg = Debug|Any CPU
		{34D4E92D-F915-4BED-8BE6-159485213217}.Debug|Any CPU.Build.0 = Debug|Any CPU
		{34D4E92D-F915-4BED-8BE6-159485213217}.Release|Any CPU.ActiveCfg = Release|Any CPU
		{34D4E92D-F915-4BED-8BE6-159485213217}.Release|Any CPU.Build.0 = Release|Any CPU
		{2110E9E7-2D11-473A-AEB6-48365547C7E2}.Debug|Any CPU.ActiveCfg = Debug|Any CPU
		{2110E9E7-2D11-473A-AEB6-48365547C7E2}.Debug|Any CPU.Build.0 = Debug|Any CPU
		{2110E9E7-2D11-473A-AEB6-48365547C7E2}.Release|Any CPU.ActiveCfg = Release|Any CPU
		{2110E9E7-2D11-473A-AEB6-48365547C7E2}.Release|Any CPU.Build.0 = Release|Any CPU
		{605EB2CC-DB9C-449E-8285-13A3770A8A7A}.Debug|Any CPU.ActiveCfg = Debug|Any CPU
		{605EB2CC-DB9C-449E-8285-13A3770A8A7A}.Debug|Any CPU.Build.0 = Debug|Any CPU
		{605EB2CC-DB9C-449E-8285-13A3770A8A7A}.Release|Any CPU.ActiveCfg = Release|Any CPU
		{605EB2CC-DB9C-449E-8285-13A3770A8A7A}.Release|Any CPU.Build.0 = Release|Any CPU
		{B4DFBA6E-D98A-4C53-A618-F60BC8A1A285}.Debug|Any CPU.ActiveCfg = Debug|Any CPU
		{B4DFBA6E-D98A-4C53-A618-F60BC8A1A285}.Debug|Any CPU.Build.0 = Debug|Any CPU
		{B4DFBA6E-D98A-4C53-A618-F60BC8A1A285}.Release|Any CPU.ActiveCfg = Release|Any CPU
		{B4DFBA6E-D98A-4C53-A618-F60BC8A1A285}.Release|Any CPU.Build.0 = Release|Any CPU
	EndGlobalSection
	GlobalSection(SolutionProperties) = preSolution
		HideSolutionNode = FALSE
	EndGlobalSection
	GlobalSection(ExtensibilityGlobals) = postSolution
		SolutionGuid = {47862B56-9FE9-447C-ABDA-C27CB172EBF3}
	EndGlobalSection
EndGlobal
